// !$*UTF8*$!
{
	archiveVersion = 1;
	classes = {
	};
	objectVersion = 50;
	objects = {

/* Begin PBXBuildFile section */
		4F2B962B2206308600EDD2DB /* AppDelegate.swift in Sources */ = {isa = PBXBuildFile; fileRef = 4F2B962A2206308600EDD2DB /* AppDelegate.swift */; };
		4F2B96322206308600EDD2DB /* Main.storyboard in Resources */ = {isa = PBXBuildFile; fileRef = 4F2B96302206308600EDD2DB /* Main.storyboard */; };
		4F2B96342206308700EDD2DB /* Assets.xcassets in Resources */ = {isa = PBXBuildFile; fileRef = 4F2B96332206308700EDD2DB /* Assets.xcassets */; };
		4F2B96372206308700EDD2DB /* LaunchScreen.storyboard in Resources */ = {isa = PBXBuildFile; fileRef = 4F2B96352206308700EDD2DB /* LaunchScreen.storyboard */; };
		4F2B96422206308700EDD2DB /* auhacksTests.swift in Sources */ = {isa = PBXBuildFile; fileRef = 4F2B96412206308700EDD2DB /* auhacksTests.swift */; };
		4F2B964D2206308700EDD2DB /* auhacksUITests.swift in Sources */ = {isa = PBXBuildFile; fileRef = 4F2B964C2206308700EDD2DB /* auhacksUITests.swift */; };
		4F2B965B2206469F00EDD2DB /* EscapeViewController.swift in Sources */ = {isa = PBXBuildFile; fileRef = 4F2B965A2206469F00EDD2DB /* EscapeViewController.swift */; };
		A1B42A1AE574B1F8CB390D22 /* libPods-auhacks.a in Frameworks */ = {isa = PBXBuildFile; fileRef = A9FE771F87C48B8FCADD2A1E /* libPods-auhacks.a */; };
/* End PBXBuildFile section */

/* Begin PBXContainerItemProxy section */
		4F2B963E2206308700EDD2DB /* PBXContainerItemProxy */ = {
			isa = PBXContainerItemProxy;
			containerPortal = 4F2B961F2206308600EDD2DB /* Project object */;
			proxyType = 1;
			remoteGlobalIDString = 4F2B96262206308600EDD2DB;
			remoteInfo = auhacks;
		};
		4F2B96492206308700EDD2DB /* PBXContainerItemProxy */ = {
			isa = PBXContainerItemProxy;
			containerPortal = 4F2B961F2206308600EDD2DB /* Project object */;
			proxyType = 1;
			remoteGlobalIDString = 4F2B96262206308600EDD2DB;
			remoteInfo = auhacks;
		};
/* End PBXContainerItemProxy section */

/* Begin PBXFileReference section */
		4F2B96272206308600EDD2DB /* auhacks.app */ = {isa = PBXFileReference; explicitFileType = wrapper.application; includeInIndex = 0; path = auhacks.app; sourceTree = BUILT_PRODUCTS_DIR; };
		4F2B962A2206308600EDD2DB /* AppDelegate.swift */ = {isa = PBXFileReference; lastKnownFileType = sourcecode.swift; path = AppDelegate.swift; sourceTree = "<group>"; };
		4F2B96312206308600EDD2DB /* Base */ = {isa = PBXFileReference; lastKnownFileType = file.storyboard; name = Base; path = Base.lproj/Main.storyboard; sourceTree = "<group>"; };
		4F2B96332206308700EDD2DB /* Assets.xcassets */ = {isa = PBXFileReference; lastKnownFileType = folder.assetcatalog; path = Assets.xcassets; sourceTree = "<group>"; };
		4F2B96362206308700EDD2DB /* Base */ = {isa = PBXFileReference; lastKnownFileType = file.storyboard; name = Base; path = Base.lproj/LaunchScreen.storyboard; sourceTree = "<group>"; };
		4F2B96382206308700EDD2DB /* Info.plist */ = {isa = PBXFileReference; lastKnownFileType = text.plist.xml; path = Info.plist; sourceTree = "<group>"; };
		4F2B963D2206308700EDD2DB /* auhacksTests.xctest */ = {isa = PBXFileReference; explicitFileType = wrapper.cfbundle; includeInIndex = 0; path = auhacksTests.xctest; sourceTree = BUILT_PRODUCTS_DIR; };
		4F2B96412206308700EDD2DB /* auhacksTests.swift */ = {isa = PBXFileReference; lastKnownFileType = sourcecode.swift; path = auhacksTests.swift; sourceTree = "<group>"; };
		4F2B96432206308700EDD2DB /* Info.plist */ = {isa = PBXFileReference; lastKnownFileType = text.plist.xml; path = Info.plist; sourceTree = "<group>"; };
		4F2B96482206308700EDD2DB /* auhacksUITests.xctest */ = {isa = PBXFileReference; explicitFileType = wrapper.cfbundle; includeInIndex = 0; path = auhacksUITests.xctest; sourceTree = BUILT_PRODUCTS_DIR; };
		4F2B964C2206308700EDD2DB /* auhacksUITests.swift */ = {isa = PBXFileReference; lastKnownFileType = sourcecode.swift; path = auhacksUITests.swift; sourceTree = "<group>"; };
		4F2B964E2206308700EDD2DB /* Info.plist */ = {isa = PBXFileReference; lastKnownFileType = text.plist.xml; path = Info.plist; sourceTree = "<group>"; };
		4F2B965A2206469F00EDD2DB /* EscapeViewController.swift */ = {isa = PBXFileReference; lastKnownFileType = sourcecode.swift; path = EscapeViewController.swift; sourceTree = "<group>"; };
		5B29D0D935ED3665C2E5215E /* Pods-auhacks.release.xcconfig */ = {isa = PBXFileReference; includeInIndex = 1; lastKnownFileType = text.xcconfig; name = "Pods-auhacks.release.xcconfig"; path = "Pods/Target Support Files/Pods-auhacks/Pods-auhacks.release.xcconfig"; sourceTree = "<group>"; };
		7727F33741AF6F21C8F543B8 /* Pods-auhacks.debug.xcconfig */ = {isa = PBXFileReference; includeInIndex = 1; lastKnownFileType = text.xcconfig; name = "Pods-auhacks.debug.xcconfig"; path = "Pods/Target Support Files/Pods-auhacks/Pods-auhacks.debug.xcconfig"; sourceTree = "<group>"; };
		A9FE771F87C48B8FCADD2A1E /* libPods-auhacks.a */ = {isa = PBXFileReference; explicitFileType = archive.ar; includeInIndex = 0; path = "libPods-auhacks.a"; sourceTree = BUILT_PRODUCTS_DIR; };
/* End PBXFileReference section */

/* Begin PBXFrameworksBuildPhase section */
		4F2B96242206308600EDD2DB /* Frameworks */ = {
			isa = PBXFrameworksBuildPhase;
			buildActionMask = 2147483647;
			files = (
				A1B42A1AE574B1F8CB390D22 /* libPods-auhacks.a in Frameworks */,
			);
			runOnlyForDeploymentPostprocessing = 0;
		};
		4F2B963A2206308700EDD2DB /* Frameworks */ = {
			isa = PBXFrameworksBuildPhase;
			buildActionMask = 2147483647;
			files = (
			);
			runOnlyForDeploymentPostprocessing = 0;
		};
		4F2B96452206308700EDD2DB /* Frameworks */ = {
			isa = PBXFrameworksBuildPhase;
			buildActionMask = 2147483647;
			files = (
			);
			runOnlyForDeploymentPostprocessing = 0;
		};
/* End PBXFrameworksBuildPhase section */

/* Begin PBXGroup section */
		0C2A775B407A704D371A58FC /* Pods */ = {
			isa = PBXGroup;
			children = (
				7727F33741AF6F21C8F543B8 /* Pods-auhacks.debug.xcconfig */,
				5B29D0D935ED3665C2E5215E /* Pods-auhacks.release.xcconfig */,
			);
			name = Pods;
			sourceTree = "<group>";
		};
		4F2B961E2206308600EDD2DB = {
			isa = PBXGroup;
			children = (
				4F2B96292206308600EDD2DB /* auhacks */,
				4F2B96402206308700EDD2DB /* auhacksTests */,
				4F2B964B2206308700EDD2DB /* auhacksUITests */,
				4F2B96282206308600EDD2DB /* Products */,
				0C2A775B407A704D371A58FC /* Pods */,
				CDA19FE607D34A420F49A3F5 /* Frameworks */,
			);
			sourceTree = "<group>";
		};
		4F2B96282206308600EDD2DB /* Products */ = {
			isa = PBXGroup;
			children = (
				4F2B96272206308600EDD2DB /* auhacks.app */,
				4F2B963D2206308700EDD2DB /* auhacksTests.xctest */,
				4F2B96482206308700EDD2DB /* auhacksUITests.xctest */,
			);
			name = Products;
			sourceTree = "<group>";
		};
		4F2B96292206308600EDD2DB /* auhacks */ = {
			isa = PBXGroup;
			children = (
				4F2B962A2206308600EDD2DB /* AppDelegate.swift */,
				4F2B96302206308600EDD2DB /* Main.storyboard */,
				4F2B96332206308700EDD2DB /* Assets.xcassets */,
				4F2B96352206308700EDD2DB /* LaunchScreen.storyboard */,
				4F2B96382206308700EDD2DB /* Info.plist */,
				4F2B965A2206469F00EDD2DB /* EscapeViewController.swift */,
			);
			path = auhacks;
			sourceTree = "<group>";
		};
		4F2B96402206308700EDD2DB /* auhacksTests */ = {
			isa = PBXGroup;
			children = (
				4F2B96412206308700EDD2DB /* auhacksTests.swift */,
				4F2B96432206308700EDD2DB /* Info.plist */,
			);
			path = auhacksTests;
			sourceTree = "<group>";
		};
		4F2B964B2206308700EDD2DB /* auhacksUITests */ = {
			isa = PBXGroup;
			children = (
				4F2B964C2206308700EDD2DB /* auhacksUITests.swift */,
				4F2B964E2206308700EDD2DB /* Info.plist */,
			);
			path = auhacksUITests;
			sourceTree = "<group>";
		};
		CDA19FE607D34A420F49A3F5 /* Frameworks */ = {
			isa = PBXGroup;
			children = (
				A9FE771F87C48B8FCADD2A1E /* libPods-auhacks.a */,
			);
			name = Frameworks;
			sourceTree = "<group>";
		};
/* End PBXGroup section */

/* Begin PBXNativeTarget section */
		4F2B96262206308600EDD2DB /* auhacks */ = {
			isa = PBXNativeTarget;
			buildConfigurationList = 4F2B96512206308700EDD2DB /* Build configuration list for PBXNativeTarget "auhacks" */;
			buildPhases = (
				AD726806C817AB464AA9F7BB /* [CP] Check Pods Manifest.lock */,
				4F2B96232206308600EDD2DB /* Sources */,
				4F2B96242206308600EDD2DB /* Frameworks */,
				4F2B96252206308600EDD2DB /* Resources */,
				D480247104F82C572BB383BA /* [CP] Copy Pods Resources */,
			);
			buildRules = (
			);
			dependencies = (
			);
			name = auhacks;
			productName = auhacks;
			productReference = 4F2B96272206308600EDD2DB /* auhacks.app */;
			productType = "com.apple.product-type.application";
		};
		4F2B963C2206308700EDD2DB /* auhacksTests */ = {
			isa = PBXNativeTarget;
			buildConfigurationList = 4F2B96542206308700EDD2DB /* Build configuration list for PBXNativeTarget "auhacksTests" */;
			buildPhases = (
				4F2B96392206308700EDD2DB /* Sources */,
				4F2B963A2206308700EDD2DB /* Frameworks */,
				4F2B963B2206308700EDD2DB /* Resources */,
			);
			buildRules = (
			);
			dependencies = (
				4F2B963F2206308700EDD2DB /* PBXTargetDependency */,
			);
			name = auhacksTests;
			productName = auhacksTests;
			productReference = 4F2B963D2206308700EDD2DB /* auhacksTests.xctest */;
			productType = "com.apple.product-type.bundle.unit-test";
		};
		4F2B96472206308700EDD2DB /* auhacksUITests */ = {
			isa = PBXNativeTarget;
			buildConfigurationList = 4F2B96572206308700EDD2DB /* Build configuration list for PBXNativeTarget "auhacksUITests" */;
			buildPhases = (
				4F2B96442206308700EDD2DB /* Sources */,
				4F2B96452206308700EDD2DB /* Frameworks */,
				4F2B96462206308700EDD2DB /* Resources */,
			);
			buildRules = (
			);
			dependencies = (
				4F2B964A2206308700EDD2DB /* PBXTargetDependency */,
			);
			name = auhacksUITests;
			productName = auhacksUITests;
			productReference = 4F2B96482206308700EDD2DB /* auhacksUITests.xctest */;
			productType = "com.apple.product-type.bundle.ui-testing";
		};
/* End PBXNativeTarget section */

/* Begin PBXProject section */
		4F2B961F2206308600EDD2DB /* Project object */ = {
			isa = PBXProject;
			attributes = {
				LastSwiftUpdateCheck = 0940;
				LastUpgradeCheck = 0940;
				ORGANIZATIONNAME = "Winston Van";
				TargetAttributes = {
					4F2B96262206308600EDD2DB = {
						CreatedOnToolsVersion = 9.4.1;
					};
					4F2B963C2206308700EDD2DB = {
						CreatedOnToolsVersion = 9.4.1;
						TestTargetID = 4F2B96262206308600EDD2DB;
					};
					4F2B96472206308700EDD2DB = {
						CreatedOnToolsVersion = 9.4.1;
						TestTargetID = 4F2B96262206308600EDD2DB;
					};
				};
			};
			buildConfigurationList = 4F2B96222206308600EDD2DB /* Build configuration list for PBXProject "auhacks" */;
			compatibilityVersion = "Xcode 9.3";
			developmentRegion = en;
			hasScannedForEncodings = 0;
			knownRegions = (
				en,
				Base,
			);
			mainGroup = 4F2B961E2206308600EDD2DB;
			productRefGroup = 4F2B96282206308600EDD2DB /* Products */;
			projectDirPath = "";
			projectRoot = "";
			targets = (
				4F2B96262206308600EDD2DB /* auhacks */,
				4F2B963C2206308700EDD2DB /* auhacksTests */,
				4F2B96472206308700EDD2DB /* auhacksUITests */,
			);
		};
/* End PBXProject section */

/* Begin PBXResourcesBuildPhase section */
		4F2B96252206308600EDD2DB /* Resources */ = {
			isa = PBXResourcesBuildPhase;
			buildActionMask = 2147483647;
			files = (
				4F2B96372206308700EDD2DB /* LaunchScreen.storyboard in Resources */,
				4F2B96342206308700EDD2DB /* Assets.xcassets in Resources */,
				4F2B96322206308600EDD2DB /* Main.storyboard in Resources */,
			);
			runOnlyForDeploymentPostprocessing = 0;
		};
		4F2B963B2206308700EDD2DB /* Resources */ = {
			isa = PBXResourcesBuildPhase;
			buildActionMask = 2147483647;
			files = (
			);
			runOnlyForDeploymentPostprocessing = 0;
		};
		4F2B96462206308700EDD2DB /* Resources */ = {
			isa = PBXResourcesBuildPhase;
			buildActionMask = 2147483647;
			files = (
			);
			runOnlyForDeploymentPostprocessing = 0;
		};
/* End PBXResourcesBuildPhase section */

/* Begin PBXShellScriptBuildPhase section */
		AD726806C817AB464AA9F7BB /* [CP] Check Pods Manifest.lock */ = {
			isa = PBXShellScriptBuildPhase;
			buildActionMask = 2147483647;
			files = (
			);
			inputPaths = (
				"${PODS_PODFILE_DIR_PATH}/Podfile.lock",
				"${PODS_ROOT}/Manifest.lock",
			);
			name = "[CP] Check Pods Manifest.lock";
			outputPaths = (
				"$(DERIVED_FILE_DIR)/Pods-auhacks-checkManifestLockResult.txt",
			);
			runOnlyForDeploymentPostprocessing = 0;
			shellPath = /bin/sh;
			shellScript = "diff \"${PODS_PODFILE_DIR_PATH}/Podfile.lock\" \"${PODS_ROOT}/Manifest.lock\" > /dev/null\nif [ $? != 0 ] ; then\n    # print error to STDERR\n    echo \"error: The sandbox is not in sync with the Podfile.lock. Run 'pod install' or update your CocoaPods installation.\" >&2\n    exit 1\nfi\n# This output is used by Xcode 'outputs' to avoid re-running this script phase.\necho \"SUCCESS\" > \"${SCRIPT_OUTPUT_FILE_0}\"\n";
			showEnvVarsInLog = 0;
		};
		D480247104F82C572BB383BA /* [CP] Copy Pods Resources */ = {
			isa = PBXShellScriptBuildPhase;
			buildActionMask = 2147483647;
			files = (
			);
			inputPaths = (
				"${SRCROOT}/Pods/Target Support Files/Pods-auhacks/Pods-auhacks-resources.sh",
				"${PODS_ROOT}/GoogleMaps/Maps/Frameworks/GoogleMaps.framework/Resources/GoogleMaps.bundle",
				"${PODS_ROOT}/GooglePlaces/Frameworks/GooglePlaces.framework/Resources/GooglePlaces.bundle",
			);
			name = "[CP] Copy Pods Resources";
			outputPaths = (
				"${TARGET_BUILD_DIR}/${UNLOCALIZED_RESOURCES_FOLDER_PATH}/GoogleMaps.bundle",
				"${TARGET_BUILD_DIR}/${UNLOCALIZED_RESOURCES_FOLDER_PATH}/GooglePlaces.bundle",
			);
			runOnlyForDeploymentPostprocessing = 0;
			shellPath = /bin/sh;
			shellScript = "\"${SRCROOT}/Pods/Target Support Files/Pods-auhacks/Pods-auhacks-resources.sh\"\n";
			showEnvVarsInLog = 0;
		};
/* End PBXShellScriptBuildPhase section */

/* Begin PBXSourcesBuildPhase section */
		4F2B96232206308600EDD2DB /* Sources */ = {
			isa = PBXSourcesBuildPhase;
			buildActionMask = 2147483647;
			files = (
				4F2B965B2206469F00EDD2DB /* EscapeViewController.swift in Sources */,
				4F2B962B2206308600EDD2DB /* AppDelegate.swift in Sources */,
			);
			runOnlyForDeploymentPostprocessing = 0;
		};
		4F2B96392206308700EDD2DB /* Sources */ = {
			isa = PBXSourcesBuildPhase;
			buildActionMask = 2147483647;
			files = (
				4F2B96422206308700EDD2DB /* auhacksTests.swift in Sources */,
			);
			runOnlyForDeploymentPostprocessing = 0;
		};
		4F2B96442206308700EDD2DB /* Sources */ = {
			isa = PBXSourcesBuildPhase;
			buildActionMask = 2147483647;
			files = (
				4F2B964D2206308700EDD2DB /* auhacksUITests.swift in Sources */,
			);
			runOnlyForDeploymentPostprocessing = 0;
		};
/* End PBXSourcesBuildPhase section */

/* Begin PBXTargetDependency section */
		4F2B963F2206308700EDD2DB /* PBXTargetDependency */ = {
			isa = PBXTargetDependency;
			target = 4F2B96262206308600EDD2DB /* auhacks */;
			targetProxy = 4F2B963E2206308700EDD2DB /* PBXContainerItemProxy */;
		};
		4F2B964A2206308700EDD2DB /* PBXTargetDependency */ = {
			isa = PBXTargetDependency;
			target = 4F2B96262206308600EDD2DB /* auhacks */;
			targetProxy = 4F2B96492206308700EDD2DB /* PBXContainerItemProxy */;
		};
/* End PBXTargetDependency section */

/* Begin PBXVariantGroup section */
		4F2B96302206308600EDD2DB /* Main.storyboard */ = {
			isa = PBXVariantGroup;
			children = (
				4F2B96312206308600EDD2DB /* Base */,
			);
			name = Main.storyboard;
			sourceTree = "<group>";
		};
		4F2B96352206308700EDD2DB /* LaunchScreen.storyboard */ = {
			isa = PBXVariantGroup;
			children = (
				4F2B96362206308700EDD2DB /* Base */,
			);
			name = LaunchScreen.storyboard;
			sourceTree = "<group>";
		};
/* End PBXVariantGroup section */

/* Begin XCBuildConfiguration section */
		4F2B964F2206308700EDD2DB /* Debug */ = {
			isa = XCBuildConfiguration;
			buildSettings = {
				ALWAYS_SEARCH_USER_PATHS = NO;
				CLANG_ANALYZER_NONNULL = YES;
				CLANG_ANALYZER_NUMBER_OBJECT_CONVERSION = YES_AGGRESSIVE;
				CLANG_CXX_LANGUAGE_STANDARD = "gnu++14";
				CLANG_CXX_LIBRARY = "libc++";
				CLANG_ENABLE_MODULES = YES;
				CLANG_ENABLE_OBJC_ARC = YES;
				CLANG_ENABLE_OBJC_WEAK = YES;
				CLANG_WARN_BLOCK_CAPTURE_AUTORELEASING = YES;
				CLANG_WARN_BOOL_CONVERSION = YES;
				CLANG_WARN_COMMA = YES;
				CLANG_WARN_CONSTANT_CONVERSION = YES;
				CLANG_WARN_DEPRECATED_OBJC_IMPLEMENTATIONS = YES;
				CLANG_WARN_DIRECT_OBJC_ISA_USAGE = YES_ERROR;
				CLANG_WARN_DOCUMENTATION_COMMENTS = YES;
				CLANG_WARN_EMPTY_BODY = YES;
				CLANG_WARN_ENUM_CONVERSION = YES;
				CLANG_WARN_INFINITE_RECURSION = YES;
				CLANG_WARN_INT_CONVERSION = YES;
				CLANG_WARN_NON_LITERAL_NULL_CONVERSION = YES;
				CLANG_WARN_OBJC_IMPLICIT_RETAIN_SELF = YES;
				CLANG_WARN_OBJC_LITERAL_CONVERSION = YES;
				CLANG_WARN_OBJC_ROOT_CLASS = YES_ERROR;
				CLANG_WARN_RANGE_LOOP_ANALYSIS = YES;
				CLANG_WARN_STRICT_PROTOTYPES = YES;
				CLANG_WARN_SUSPICIOUS_MOVE = YES;
				CLANG_WARN_UNGUARDED_AVAILABILITY = YES_AGGRESSIVE;
				CLANG_WARN_UNREACHABLE_CODE = YES;
				CLANG_WARN__DUPLICATE_METHOD_MATCH = YES;
				CODE_SIGN_IDENTITY = "iPhone Developer";
				COPY_PHASE_STRIP = NO;
				DEBUG_INFORMATION_FORMAT = dwarf;
				ENABLE_STRICT_OBJC_MSGSEND = YES;
				ENABLE_TESTABILITY = YES;
				GCC_C_LANGUAGE_STANDARD = gnu11;
				GCC_DYNAMIC_NO_PIC = NO;
				GCC_NO_COMMON_BLOCKS = YES;
				GCC_OPTIMIZATION_LEVEL = 0;
				GCC_PREPROCESSOR_DEFINITIONS = (
					"DEBUG=1",
					"$(inherited)",
				);
				GCC_WARN_64_TO_32_BIT_CONVERSION = YES;
				GCC_WARN_ABOUT_RETURN_TYPE = YES_ERROR;
				GCC_WARN_UNDECLARED_SELECTOR = YES;
				GCC_WARN_UNINITIALIZED_AUTOS = YES_AGGRESSIVE;
				GCC_WARN_UNUSED_FUNCTION = YES;
				GCC_WARN_UNUSED_VARIABLE = YES;
				IPHONEOS_DEPLOYMENT_TARGET = 11.4;
				MTL_ENABLE_DEBUG_INFO = YES;
				ONLY_ACTIVE_ARCH = YES;
				SDKROOT = iphoneos;
				SWIFT_ACTIVE_COMPILATION_CONDITIONS = DEBUG;
				SWIFT_OPTIMIZATION_LEVEL = "-Onone";
			};
			name = Debug;
		};
		4F2B96502206308700EDD2DB /* Release */ = {
			isa = XCBuildConfiguration;
			buildSettings = {
				ALWAYS_SEARCH_USER_PATHS = NO;
				CLANG_ANALYZER_NONNULL = YES;
				CLANG_ANALYZER_NUMBER_OBJECT_CONVERSION = YES_AGGRESSIVE;
				CLANG_CXX_LANGUAGE_STANDARD = "gnu++14";
				CLANG_CXX_LIBRARY = "libc++";
				CLANG_ENABLE_MODULES = YES;
				CLANG_ENABLE_OBJC_ARC = YES;
				CLANG_ENABLE_OBJC_WEAK = YES;
				CLANG_WARN_BLOCK_CAPTURE_AUTORELEASING = YES;
				CLANG_WARN_BOOL_CONVERSION = YES;
				CLANG_WARN_COMMA = YES;
				CLANG_WARN_CONSTANT_CONVERSION = YES;
				CLANG_WARN_DEPRECATED_OBJC_IMPLEMENTATIONS = YES;
				CLANG_WARN_DIRECT_OBJC_ISA_USAGE = YES_ERROR;
				CLANG_WARN_DOCUMENTATION_COMMENTS = YES;
				CLANG_WARN_EMPTY_BODY = YES;
				CLANG_WARN_ENUM_CONVERSION = YES;
				CLANG_WARN_INFINITE_RECURSION = YES;
				CLANG_WARN_INT_CONVERSION = YES;
				CLANG_WARN_NON_LITERAL_NULL_CONVERSION = YES;
				CLANG_WARN_OBJC_IMPLICIT_RETAIN_SELF = YES;
				CLANG_WARN_OBJC_LITERAL_CONVERSION = YES;
				CLANG_WARN_OBJC_ROOT_CLASS = YES_ERROR;
				CLANG_WARN_RANGE_LOOP_ANALYSIS = YES;
				CLANG_WARN_STRICT_PROTOTYPES = YES;
				CLANG_WARN_SUSPICIOUS_MOVE = YES;
				CLANG_WARN_UNGUARDED_AVAILABILITY = YES_AGGRESSIVE;
				CLANG_WARN_UNREACHABLE_CODE = YES;
				CLANG_WARN__DUPLICATE_METHOD_MATCH = YES;
				CODE_SIGN_IDENTITY = "iPhone Developer";
				COPY_PHASE_STRIP = NO;
				DEBUG_INFORMATION_FORMAT = "dwarf-with-dsym";
				ENABLE_NS_ASSERTIONS = NO;
				ENABLE_STRICT_OBJC_MSGSEND = YES;
				GCC_C_LANGUAGE_STANDARD = gnu11;
				GCC_NO_COMMON_BLOCKS = YES;
				GCC_WARN_64_TO_32_BIT_CONVERSION = YES;
				GCC_WARN_ABOUT_RETURN_TYPE = YES_ERROR;
				GCC_WARN_UNDECLARED_SELECTOR = YES;
				GCC_WARN_UNINITIALIZED_AUTOS = YES_AGGRESSIVE;
				GCC_WARN_UNUSED_FUNCTION = YES;
				GCC_WARN_UNUSED_VARIABLE = YES;
				IPHONEOS_DEPLOYMENT_TARGET = 11.4;
				MTL_ENABLE_DEBUG_INFO = NO;
				SDKROOT = iphoneos;
				SWIFT_COMPILATION_MODE = wholemodule;
				SWIFT_OPTIMIZATION_LEVEL = "-O";
				VALIDATE_PRODUCT = YES;
			};
			name = Release;
		};
		4F2B96522206308700EDD2DB /* Debug */ = {
			isa = XCBuildConfiguration;
			baseConfigurationReference = 7727F33741AF6F21C8F543B8 /* Pods-auhacks.debug.xcconfig */;
			buildSettings = {
				ARCHS = "$(ARCHS_STANDARD)";
				ASSETCATALOG_COMPILER_APPICON_NAME = AppIcon;
				CODE_SIGN_STYLE = Automatic;
				DEVELOPMENT_TEAM = 2P396MWNR4;
				INFOPLIST_FILE = auhacks/Info.plist;
				LD_RUNPATH_SEARCH_PATHS = (
					"$(inherited)",
					"@executable_path/Frameworks",
				);
				PRODUCT_BUNDLE_IDENTIFIER = cinnamint.auhacks;
				PRODUCT_NAME = "$(TARGET_NAME)";
				SWIFT_VERSION = 4.0;
				TARGETED_DEVICE_FAMILY = "1,2";
				VALID_ARCHS = "arm64 armv7 armv7s arm64e";
			};
			name = Debug;
		};
		4F2B96532206308700EDD2DB /* Release */ = {
			isa = XCBuildConfiguration;
			baseConfigurationReference = 5B29D0D935ED3665C2E5215E /* Pods-auhacks.release.xcconfig */;
			buildSettings = {
				ARCHS = "$(ARCHS_STANDARD)";
				ASSETCATALOG_COMPILER_APPICON_NAME = AppIcon;
				CODE_SIGN_STYLE = Automatic;
				DEVELOPMENT_TEAM = 2P396MWNR4;
				INFOPLIST_FILE = auhacks/Info.plist;
				LD_RUNPATH_SEARCH_PATHS = (
					"$(inherited)",
					"@executable_path/Frameworks",
				);
				PRODUCT_BUNDLE_IDENTIFIER = cinnamint.auhacks;
				PRODUCT_NAME = "$(TARGET_NAME)";
				SWIFT_VERSION = 4.0;
				TARGETED_DEVICE_FAMILY = "1,2";
				VALID_ARCHS = "arm64 armv7 armv7s arm64e";
			};
			name = Release;
		};
		4F2B96552206308700EDD2DB /* Debug */ = {
			isa = XCBuildConfiguration;
			buildSettings = {
				ALWAYS_EMBED_SWIFT_STANDARD_LIBRARIES = YES;
				BUNDLE_LOADER = "$(TEST_HOST)";
				CODE_SIGN_STYLE = Automatic;
				DEVELOPMENT_TEAM = 2P396MWNR4;
				INFOPLIST_FILE = auhacksTests/Info.plist;
				LD_RUNPATH_SEARCH_PATHS = (
					"$(inherited)",
					"@executable_path/Frameworks",
					"@loader_path/Frameworks",
				);
				PRODUCT_BUNDLE_IDENTIFIER = cinnamint.auhacksTests;
				PRODUCT_NAME = "$(TARGET_NAME)";
				SWIFT_VERSION = 4.0;
				TARGETED_DEVICE_FAMILY = "1,2";
				TEST_HOST = "$(BUILT_PRODUCTS_DIR)/auhacks.app/auhacks";
			};
			name = Debug;
		};
		4F2B96562206308700EDD2DB /* Release */ = {
			isa = XCBuildConfiguration;
			buildSettings = {
				ALWAYS_EMBED_SWIFT_STANDARD_LIBRARIES = YES;
				BUNDLE_LOADER = "$(TEST_HOST)";
				CODE_SIGN_STYLE = Automatic;
				DEVELOPMENT_TEAM = 2P396MWNR4;
				INFOPLIST_FILE = auhacksTests/Info.plist;
				LD_RUNPATH_SEARCH_PATHS = (
					"$(inherited)",
					"@executable_path/Frameworks",
					"@loader_path/Frameworks",
				);
				PRODUCT_BUNDLE_IDENTIFIER = cinnamint.auhacksTests;
				PRODUCT_NAME = "$(TARGET_NAME)";
				SWIFT_VERSION = 4.0;
				TARGETED_DEVICE_FAMILY = "1,2";
				TEST_HOST = "$(BUILT_PRODUCTS_DIR)/auhacks.app/auhacks";
			};
			name = Release;
		};
		4F2B96582206308700EDD2DB /* Debug */ = {
			isa = XCBuildConfiguration;
			buildSettings = {
				ALWAYS_EMBED_SWIFT_STANDARD_LIBRARIES = YES;
				CODE_SIGN_STYLE = Automatic;
				DEVELOPMENT_TEAM = 2P396MWNR4;
				INFOPLIST_FILE = auhacksUITests/Info.plist;
				LD_RUNPATH_SEARCH_PATHS = (
					"$(inherited)",
					"@executable_path/Frameworks",
					"@loader_path/Frameworks",
				);
				PRODUCT_BUNDLE_IDENTIFIER = cinnamint.auhacksUITests;
				PRODUCT_NAME = "$(TARGET_NAME)";
				SWIFT_VERSION = 4.0;
				TARGETED_DEVICE_FAMILY = "1,2";
				TEST_TARGET_NAME = auhacks;
			};
			name = Debug;
		};
		4F2B96592206308700EDD2DB /* Release */ = {
			isa = XCBuildConfiguration;
			buildSettings = {
				ALWAYS_EMBED_SWIFT_STANDARD_LIBRARIES = YES;
				CODE_SIGN_STYLE = Automatic;
				DEVELOPMENT_TEAM = 2P396MWNR4;
				INFOPLIST_FILE = auhacksUITests/Info.plist;
				LD_RUNPATH_SEARCH_PATHS = (
					"$(inherited)",
					"@executable_path/Frameworks",
					"@loader_path/Frameworks",
				);
				PRODUCT_BUNDLE_IDENTIFIER = cinnamint.auhacksUITests;
				PRODUCT_NAME = "$(TARGET_NAME)";
				SWIFT_VERSION = 4.0;
				TARGETED_DEVICE_FAMILY = "1,2";
				TEST_TARGET_NAME = auhacks;
			};
			name = Release;
		};
/* End XCBuildConfiguration section */

/* Begin XCConfigurationList section */
		4F2B96222206308600EDD2DB /* Build configuration list for PBXProject "auhacks" */ = {
			isa = XCConfigurationList;
			buildConfigurations = (
				4F2B964F2206308700EDD2DB /* Debug */,
				4F2B96502206308700EDD2DB /* Release */,
			);
			defaultConfigurationIsVisible = 0;
			defaultConfigurationName = Release;
		};
		4F2B96512206308700EDD2DB /* Build configuration list for PBXNativeTarget "auhacks" */ = {
			isa = XCConfigurationList;
			buildConfigurations = (
				4F2B96522206308700EDD2DB /* Debug */,
				4F2B96532206308700EDD2DB /* Release */,
			);
			defaultConfigurationIsVisible = 0;
			defaultConfigurationName = Release;
		};
		4F2B96542206308700EDD2DB /* Build configuration list for PBXNativeTarget "auhacksTests" */ = {
			isa = XCConfigurationList;
			buildConfigurations = (
				4F2B96552206308700EDD2DB /* Debug */,
				4F2B96562206308700EDD2DB /* Release */,
			);
			defaultConfigurationIsVisible = 0;
			defaultConfigurationName = Release;
		};
		4F2B96572206308700EDD2DB /* Build configuration list for PBXNativeTarget "auhacksUITests" */ = {
			isa = XCConfigurationList;
			buildConfigurations = (
				4F2B96582206308700EDD2DB /* Debug */,
				4F2B96592206308700EDD2DB /* Release */,
			);
			defaultConfigurationIsVisible = 0;
			defaultConfigurationName = Release;
		};
/* End XCConfigurationList section */
	};
	rootObject = 4F2B961F2206308600EDD2DB /* Project object */;
}
